
Microsoft Visual Studio Solution File, Format Version 12.00
# Visual Studio 15
VisualStudioVersion = 15.0.27428.2002
MinimumVisualStudioVersion = 10.0.40219.1
Project("{FAE04EC0-301F-11D3-BF4B-00C04F79EFBC}") = "Airlines.Business", "Airlines.Business\Airlines.Business.csproj", "{1BC99C32-84CC-4410-A2A1-B119E322B462}"
EndProject
Project("{FAE04EC0-301F-11D3-BF4B-00C04F79EFBC}") = "Airlines.Service", "Airlines.Service\Airlines.Service.csproj", "{43593407-949C-4E35-A9C1-7F1489548CC1}"
EndProject
Project("{FAE04EC0-301F-11D3-BF4B-00C04F79EFBC}") = "Airlines.Program", "Airlines.Program\Airlines.Program.csproj", "{58EACA5C-CBC0-4BF3-B692-19ECE781FC66}"
EndProject
Project("{FAE04EC0-301F-11D3-BF4B-00C04F79EFBC}") = "Airlines.Test", "Airlines.Test\Airlines.Test.csproj", "{C93A6C45-341A-47D9-B759-18950D9D0026}"
EndProject
Global
	GlobalSection(SolutionConfigurationPlatforms) = preSolution
		Debug|Any CPU = Debug|Any CPU
		Release|Any CPU = Release|Any CPU
	EndGlobalSection
	GlobalSection(ProjectConfigurationPlatforms) = postSolution
		{1BC99C32-84CC-4410-A2A1-B119E322B462}.Debug|Any CPU.ActiveCfg = Debug|Any CPU
		{1BC99C32-84CC-4410-A2A1-B119E322B462}.Debug|Any CPU.Build.0 = Debug|Any CPU
		{1BC99C32-84CC-4410-A2A1-B119E322B462}.Release|Any CPU.ActiveCfg = Release|Any CPU
		{1BC99C32-84CC-4410-A2A1-B119E322B462}.Release|Any CPU.Build.0 = Release|Any CPU
		{43593407-949C-4E35-A9C1-7F1489548CC1}.Debug|Any CPU.ActiveCfg = Debug|Any CPU
		{43593407-949C-4E35-A9C1-7F1489548CC1}.Debug|Any CPU.Build.0 = Debug|Any CPU
		{43593407-949C-4E35-A9C1-7F1489548CC1}.Release|Any CPU.ActiveCfg = Release|Any CPU
		{43593407-949C-4E35-A9C1-7F1489548CC1}.Release|Any CPU.Build.0 = Release|Any CPU
		{58EACA5C-CBC0-4BF3-B692-19ECE781FC66}.Debug|Any CPU.ActiveCfg = Debug|Any CPU
		{58EACA5C-CBC0-4BF3-B692-19ECE781FC66}.Debug|Any CPU.Build.0 = Debug|Any CPU
		{58EACA5C-CBC0-4BF3-B692-19ECE781FC66}.Release|Any CPU.ActiveCfg = Release|Any CPU
		{58EACA5C-CBC0-4BF3-B692-19ECE781FC66}.Release|Any CPU.Build.0 = Release|Any CPU
		{C93A6C45-341A-47D9-B759-18950D9D0026}.Debug|Any CPU.ActiveCfg = Debug|Any CPU
		{C93A6C45-341A-47D9-B759-18950D9D0026}.Debug|Any CPU.Build.0 = Debug|Any CPU
		{C93A6C45-341A-47D9-B759-18950D9D0026}.Release|Any CPU.ActiveCfg = Release|Any CPU
		{C93A6C45-341A-47D9-B759-18950D9D0026}.Release|Any CPU.Build.0 = Release|Any CPU
	EndGlobalSection
	GlobalSection(SolutionProperties) = preSolution
		HideSolutionNode = FALSE
	EndGlobalSection
	GlobalSection(ExtensibilityGlobals) = postSolution
		SolutionGuid = {0AC8A1BC-EA28-45C7-9C09-B76EAA613CD4}
	EndGlobalSection
EndGlobal
